// !$*UTF8*$!
{
	archiveVersion = 1;
	classes = {
	};
	objectVersion = 56;
	objects = {

/* Begin PBXBuildFile section */
		3A91E85C2BCF64E600B015F0 /* AppDelegate.swift in Sources */ = {isa = PBXBuildFile; fileRef = 3A91E85B2BCF64E600B015F0 /* AppDelegate.swift */; };
		3A91E85E2BCF64E600B015F0 /* SceneDelegate.swift in Sources */ = {isa = PBXBuildFile; fileRef = 3A91E85D2BCF64E600B015F0 /* SceneDelegate.swift */; };
		3A91E8602BCF64E600B015F0 /* ViewController.swift in Sources */ = {isa = PBXBuildFile; fileRef = 3A91E85F2BCF64E600B015F0 /* ViewController.swift */; };
		3A91E8632BCF64E600B015F0 /* Main.storyboard in Resources */ = {isa = PBXBuildFile; fileRef = 3A91E8612BCF64E600B015F0 /* Main.storyboard */; };
		3A91E8652BCF64E700B015F0 /* Assets.xcassets in Resources */ = {isa = PBXBuildFile; fileRef = 3A91E8642BCF64E700B015F0 /* Assets.xcassets */; };
		3A91E8682BCF64E700B015F0 /* LaunchScreen.storyboard in Resources */ = {isa = PBXBuildFile; fileRef = 3A91E8662BCF64E700B015F0 /* LaunchScreen.storyboard */; };
		3A91E8732BCF64E700B015F0 /* PokedexDemoTests.swift in Sources */ = {isa = PBXBuildFile; fileRef = 3A91E8722BCF64E700B015F0 /* PokedexDemoTests.swift */; };
		3A91E87D2BCF64E700B015F0 /* PokedexDemoUITests.swift in Sources */ = {isa = PBXBuildFile; fileRef = 3A91E87C2BCF64E700B015F0 /* PokedexDemoUITests.swift */; };
		3A91E87F2BCF64E700B015F0 /* PokedexDemoUITestsLaunchTests.swift in Sources */ = {isa = PBXBuildFile; fileRef = 3A91E87E2BCF64E700B015F0 /* PokedexDemoUITestsLaunchTests.swift */; };
		3A91E88D2BCF705D00B015F0 /* RequestType.swift in Sources */ = {isa = PBXBuildFile; fileRef = 3A91E88C2BCF705D00B015F0 /* RequestType.swift */; };
		3A91E8912BCF71B900B015F0 /* UIView+SnapKit.swift in Sources */ = {isa = PBXBuildFile; fileRef = 3A91E8902BCF71B900B015F0 /* UIView+SnapKit.swift */; };
		3A91E8942BCF721800B015F0 /* SnapKit in Frameworks */ = {isa = PBXBuildFile; productRef = 3A91E8932BCF721800B015F0 /* SnapKit */; };
		3A91E8962BCF779000B015F0 /* HTTPClient.swift in Sources */ = {isa = PBXBuildFile; fileRef = 3A91E8952BCF779000B015F0 /* HTTPClient.swift */; };
		3A91E8992BCF78D700B015F0 /* AllPokemonListHTTPClient.swift in Sources */ = {isa = PBXBuildFile; fileRef = 3A91E8982BCF78D700B015F0 /* AllPokemonListHTTPClient.swift */; };
/* End PBXBuildFile section */

/* Begin PBXContainerItemProxy section */
		3A91E86F2BCF64E700B015F0 /* PBXContainerItemProxy */ = {
			isa = PBXContainerItemProxy;
			containerPortal = 3A91E8502BCF64E600B015F0 /* Project object */;
			proxyType = 1;
			remoteGlobalIDString = 3A91E8572BCF64E600B015F0;
			remoteInfo = PokedexDemo;
		};
		3A91E8792BCF64E700B015F0 /* PBXContainerItemProxy */ = {
			isa = PBXContainerItemProxy;
			containerPortal = 3A91E8502BCF64E600B015F0 /* Project object */;
			proxyType = 1;
			remoteGlobalIDString = 3A91E8572BCF64E600B015F0;
			remoteInfo = PokedexDemo;
		};
/* End PBXContainerItemProxy section */

/* Begin PBXFileReference section */
		3A91E8582BCF64E600B015F0 /* PokedexDemo.app */ = {isa = PBXFileReference; explicitFileType = wrapper.application; includeInIndex = 0; path = PokedexDemo.app; sourceTree = BUILT_PRODUCTS_DIR; };
		3A91E85B2BCF64E600B015F0 /* AppDelegate.swift */ = {isa = PBXFileReference; lastKnownFileType = sourcecode.swift; path = AppDelegate.swift; sourceTree = "<group>"; };
		3A91E85D2BCF64E600B015F0 /* SceneDelegate.swift */ = {isa = PBXFileReference; lastKnownFileType = sourcecode.swift; path = SceneDelegate.swift; sourceTree = "<group>"; };
		3A91E85F2BCF64E600B015F0 /* ViewController.swift */ = {isa = PBXFileReference; lastKnownFileType = sourcecode.swift; path = ViewController.swift; sourceTree = "<group>"; };
		3A91E8622BCF64E600B015F0 /* Base */ = {isa = PBXFileReference; lastKnownFileType = file.storyboard; name = Base; path = Base.lproj/Main.storyboard; sourceTree = "<group>"; };
		3A91E8642BCF64E700B015F0 /* Assets.xcassets */ = {isa = PBXFileReference; lastKnownFileType = folder.assetcatalog; path = Assets.xcassets; sourceTree = "<group>"; };
		3A91E8672BCF64E700B015F0 /* Base */ = {isa = PBXFileReference; lastKnownFileType = file.storyboard; name = Base; path = Base.lproj/LaunchScreen.storyboard; sourceTree = "<group>"; };
		3A91E8692BCF64E700B015F0 /* Info.plist */ = {isa = PBXFileReference; lastKnownFileType = text.plist.xml; path = Info.plist; sourceTree = "<group>"; };
		3A91E86E2BCF64E700B015F0 /* PokedexDemoTests.xctest */ = {isa = PBXFileReference; explicitFileType = wrapper.cfbundle; includeInIndex = 0; path = PokedexDemoTests.xctest; sourceTree = BUILT_PRODUCTS_DIR; };
		3A91E8722BCF64E700B015F0 /* PokedexDemoTests.swift */ = {isa = PBXFileReference; lastKnownFileType = sourcecode.swift; path = PokedexDemoTests.swift; sourceTree = "<group>"; };
		3A91E8782BCF64E700B015F0 /* PokedexDemoUITests.xctest */ = {isa = PBXFileReference; explicitFileType = wrapper.cfbundle; includeInIndex = 0; path = PokedexDemoUITests.xctest; sourceTree = BUILT_PRODUCTS_DIR; };
		3A91E87C2BCF64E700B015F0 /* PokedexDemoUITests.swift */ = {isa = PBXFileReference; lastKnownFileType = sourcecode.swift; path = PokedexDemoUITests.swift; sourceTree = "<group>"; };
		3A91E87E2BCF64E700B015F0 /* PokedexDemoUITestsLaunchTests.swift */ = {isa = PBXFileReference; lastKnownFileType = sourcecode.swift; path = PokedexDemoUITestsLaunchTests.swift; sourceTree = "<group>"; };
		3A91E88C2BCF705D00B015F0 /* RequestType.swift */ = {isa = PBXFileReference; lastKnownFileType = sourcecode.swift; path = RequestType.swift; sourceTree = "<group>"; };
		3A91E8902BCF71B900B015F0 /* UIView+SnapKit.swift */ = {isa = PBXFileReference; lastKnownFileType = sourcecode.swift; path = "UIView+SnapKit.swift"; sourceTree = "<group>"; };
		3A91E8952BCF779000B015F0 /* HTTPClient.swift */ = {isa = PBXFileReference; lastKnownFileType = sourcecode.swift; path = HTTPClient.swift; sourceTree = "<group>"; };
		3A91E8982BCF78D700B015F0 /* AllPokemonListHTTPClient.swift */ = {isa = PBXFileReference; lastKnownFileType = sourcecode.swift; path = AllPokemonListHTTPClient.swift; sourceTree = "<group>"; };
/* End PBXFileReference section */

/* Begin PBXFrameworksBuildPhase section */
		3A91E8552BCF64E600B015F0 /* Frameworks */ = {
			isa = PBXFrameworksBuildPhase;
			buildActionMask = 2147483647;
			files = (
				3A91E8942BCF721800B015F0 /* SnapKit in Frameworks */,
			);
			runOnlyForDeploymentPostprocessing = 0;
		};
		3A91E86B2BCF64E700B015F0 /* Frameworks */ = {
			isa = PBXFrameworksBuildPhase;
			buildActionMask = 2147483647;
			files = (
			);
			runOnlyForDeploymentPostprocessing = 0;
		};
		3A91E8752BCF64E700B015F0 /* Frameworks */ = {
			isa = PBXFrameworksBuildPhase;
			buildActionMask = 2147483647;
			files = (
			);
			runOnlyForDeploymentPostprocessing = 0;
		};
/* End PBXFrameworksBuildPhase section */

/* Begin PBXGroup section */
		3A91E84F2BCF64E600B015F0 = {
			isa = PBXGroup;
			children = (
				3A91E85A2BCF64E600B015F0 /* PokedexDemo */,
				3A91E8712BCF64E700B015F0 /* PokedexDemoTests */,
				3A91E87B2BCF64E700B015F0 /* PokedexDemoUITests */,
				3A91E8592BCF64E600B015F0 /* Products */,
			);
			sourceTree = "<group>";
		};
		3A91E8592BCF64E600B015F0 /* Products */ = {
			isa = PBXGroup;
			children = (
				3A91E8582BCF64E600B015F0 /* PokedexDemo.app */,
				3A91E86E2BCF64E700B015F0 /* PokedexDemoTests.xctest */,
				3A91E8782BCF64E700B015F0 /* PokedexDemoUITests.xctest */,
			);
			name = Products;
			sourceTree = "<group>";
		};
		3A91E85A2BCF64E600B015F0 /* PokedexDemo */ = {
			isa = PBXGroup;
			children = (
				3A91E85B2BCF64E600B015F0 /* AppDelegate.swift */,
				3A91E85D2BCF64E600B015F0 /* SceneDelegate.swift */,
				3A91E85F2BCF64E600B015F0 /* ViewController.swift */,
				3A91E8972BCF78B600B015F0 /* AllPokemonListPage */,
				3A91E88F2BCF717600B015F0 /* AutolayoutHelpers */,
				3A91E88B2BCF703300B015F0 /* NetworkModule */,
				3A91E8612BCF64E600B015F0 /* Main.storyboard */,
				3A91E8642BCF64E700B015F0 /* Assets.xcassets */,
				3A91E8662BCF64E700B015F0 /* LaunchScreen.storyboard */,
				3A91E8692BCF64E700B015F0 /* Info.plist */,
			);
			path = PokedexDemo;
			sourceTree = "<group>";
		};
		3A91E8712BCF64E700B015F0 /* PokedexDemoTests */ = {
			isa = PBXGroup;
			children = (
				3A91E8722BCF64E700B015F0 /* PokedexDemoTests.swift */,
			);
			path = PokedexDemoTests;
			sourceTree = "<group>";
		};
		3A91E87B2BCF64E700B015F0 /* PokedexDemoUITests */ = {
			isa = PBXGroup;
			children = (
				3A91E87C2BCF64E700B015F0 /* PokedexDemoUITests.swift */,
				3A91E87E2BCF64E700B015F0 /* PokedexDemoUITestsLaunchTests.swift */,
			);
			path = PokedexDemoUITests;
			sourceTree = "<group>";
		};
		3A91E88B2BCF703300B015F0 /* NetworkModule */ = {
			isa = PBXGroup;
			children = (
				3A91E88C2BCF705D00B015F0 /* RequestType.swift */,
				3A91E8952BCF779000B015F0 /* HTTPClient.swift */,
			);
			path = NetworkModule;
			sourceTree = "<group>";
		};
		3A91E88F2BCF717600B015F0 /* AutolayoutHelpers */ = {
			isa = PBXGroup;
			children = (
				3A91E8902BCF71B900B015F0 /* UIView+SnapKit.swift */,
			);
			path = AutolayoutHelpers;
			sourceTree = "<group>";
		};
		3A91E8972BCF78B600B015F0 /* AllPokemonListPage */ = {
			isa = PBXGroup;
			children = (
				3A91E8982BCF78D700B015F0 /* AllPokemonListHTTPClient.swift */,
			);
			path = AllPokemonListPage;
			sourceTree = "<group>";
		};
/* End PBXGroup section */

/* Begin PBXNativeTarget section */
		3A91E8572BCF64E600B015F0 /* PokedexDemo */ = {
			isa = PBXNativeTarget;
			buildConfigurationList = 3A91E8822BCF64E700B015F0 /* Build configuration list for PBXNativeTarget "PokedexDemo" */;
			buildPhases = (
				3A91E8542BCF64E600B015F0 /* Sources */,
				3A91E8552BCF64E600B015F0 /* Frameworks */,
				3A91E8562BCF64E600B015F0 /* Resources */,
			);
			buildRules = (
			);
			dependencies = (
			);
			name = PokedexDemo;
			packageProductDependencies = (
				3A91E8932BCF721800B015F0 /* SnapKit */,
			);
			productName = PokedexDemo;
			productReference = 3A91E8582BCF64E600B015F0 /* PokedexDemo.app */;
			productType = "com.apple.product-type.application";
		};
		3A91E86D2BCF64E700B015F0 /* PokedexDemoTests */ = {
			isa = PBXNativeTarget;
			buildConfigurationList = 3A91E8852BCF64E700B015F0 /* Build configuration list for PBXNativeTarget "PokedexDemoTests" */;
			buildPhases = (
				3A91E86A2BCF64E700B015F0 /* Sources */,
				3A91E86B2BCF64E700B015F0 /* Frameworks */,
				3A91E86C2BCF64E700B015F0 /* Resources */,
			);
			buildRules = (
			);
			dependencies = (
				3A91E8702BCF64E700B015F0 /* PBXTargetDependency */,
			);
			name = PokedexDemoTests;
			productName = PokedexDemoTests;
			productReference = 3A91E86E2BCF64E700B015F0 /* PokedexDemoTests.xctest */;
			productType = "com.apple.product-type.bundle.unit-test";
		};
		3A91E8772BCF64E700B015F0 /* PokedexDemoUITests */ = {
			isa = PBXNativeTarget;
			buildConfigurationList = 3A91E8882BCF64E700B015F0 /* Build configuration list for PBXNativeTarget "PokedexDemoUITests" */;
			buildPhases = (
				3A91E8742BCF64E700B015F0 /* Sources */,
				3A91E8752BCF64E700B015F0 /* Frameworks */,
				3A91E8762BCF64E700B015F0 /* Resources */,
			);
			buildRules = (
			);
			dependencies = (
				3A91E87A2BCF64E700B015F0 /* PBXTargetDependency */,
			);
			name = PokedexDemoUITests;
			productName = PokedexDemoUITests;
			productReference = 3A91E8782BCF64E700B015F0 /* PokedexDemoUITests.xctest */;
			productType = "com.apple.product-type.bundle.ui-testing";
		};
/* End PBXNativeTarget section */

/* Begin PBXProject section */
		3A91E8502BCF64E600B015F0 /* Project object */ = {
			isa = PBXProject;
			attributes = {
				BuildIndependentTargetsInParallel = 1;
				LastSwiftUpdateCheck = 1430;
				LastUpgradeCheck = 1430;
				TargetAttributes = {
					3A91E8572BCF64E600B015F0 = {
						CreatedOnToolsVersion = 14.3.1;
					};
					3A91E86D2BCF64E700B015F0 = {
						CreatedOnToolsVersion = 14.3.1;
						TestTargetID = 3A91E8572BCF64E600B015F0;
					};
					3A91E8772BCF64E700B015F0 = {
						CreatedOnToolsVersion = 14.3.1;
						TestTargetID = 3A91E8572BCF64E600B015F0;
					};
				};
			};
			buildConfigurationList = 3A91E8532BCF64E600B015F0 /* Build configuration list for PBXProject "PokedexDemo" */;
			compatibilityVersion = "Xcode 14.0";
			developmentRegion = en;
			hasScannedForEncodings = 0;
			knownRegions = (
				en,
				Base,
			);
			mainGroup = 3A91E84F2BCF64E600B015F0;
			packageReferences = (
				3A91E8922BCF721800B015F0 /* XCRemoteSwiftPackageReference "SnapKit" */,
			);
			productRefGroup = 3A91E8592BCF64E600B015F0 /* Products */;
			projectDirPath = "";
			projectRoot = "";
			targets = (
				3A91E8572BCF64E600B015F0 /* PokedexDemo */,
				3A91E86D2BCF64E700B015F0 /* PokedexDemoTests */,
				3A91E8772BCF64E700B015F0 /* PokedexDemoUITests */,
			);
		};
/* End PBXProject section */

/* Begin PBXResourcesBuildPhase section */
		3A91E8562BCF64E600B015F0 /* Resources */ = {
			isa = PBXResourcesBuildPhase;
			buildActionMask = 2147483647;
			files = (
				3A91E8682BCF64E700B015F0 /* LaunchScreen.storyboard in Resources */,
				3A91E8652BCF64E700B015F0 /* Assets.xcassets in Resources */,
				3A91E8632BCF64E600B015F0 /* Main.storyboard in Resources */,
			);
			runOnlyForDeploymentPostprocessing = 0;
		};
		3A91E86C2BCF64E700B015F0 /* Resources */ = {
			isa = PBXResourcesBuildPhase;
			buildActionMask = 2147483647;
			files = (
			);
			runOnlyForDeploymentPostprocessing = 0;
		};
		3A91E8762BCF64E700B015F0 /* Resources */ = {
			isa = PBXResourcesBuildPhase;
			buildActionMask = 2147483647;
			files = (
			);
			runOnlyForDeploymentPostprocessing = 0;
		};
/* End PBXResourcesBuildPhase section */

/* Begin PBXSourcesBuildPhase section */
		3A91E8542BCF64E600B015F0 /* Sources */ = {
			isa = PBXSourcesBuildPhase;
			buildActionMask = 2147483647;
			files = (
				3A91E8992BCF78D700B015F0 /* AllPokemonListHTTPClient.swift in Sources */,
				3A91E8602BCF64E600B015F0 /* ViewController.swift in Sources */,
				3A91E85C2BCF64E600B015F0 /* AppDelegate.swift in Sources */,
				3A91E85E2BCF64E600B015F0 /* SceneDelegate.swift in Sources */,
				3A91E88D2BCF705D00B015F0 /* RequestType.swift in Sources */,
				3A91E8912BCF71B900B015F0 /* UIView+SnapKit.swift in Sources */,
				3A91E8962BCF779000B015F0 /* HTTPClient.swift in Sources */,
			);
			runOnlyForDeploymentPostprocessing = 0;
		};
		3A91E86A2BCF64E700B015F0 /* Sources */ = {
			isa = PBXSourcesBuildPhase;
			buildActionMask = 2147483647;
			files = (
				3A91E8732BCF64E700B015F0 /* PokedexDemoTests.swift in Sources */,
			);
			runOnlyForDeploymentPostprocessing = 0;
		};
		3A91E8742BCF64E700B015F0 /* Sources */ = {
			isa = PBXSourcesBuildPhase;
			buildActionMask = 2147483647;
			files = (
				3A91E87F2BCF64E700B015F0 /* PokedexDemoUITestsLaunchTests.swift in Sources */,
				3A91E87D2BCF64E700B015F0 /* PokedexDemoUITests.swift in Sources */,
			);
			runOnlyForDeploymentPostprocessing = 0;
		};
/* End PBXSourcesBuildPhase section */

/* Begin PBXTargetDependency section */
		3A91E8702BCF64E700B015F0 /* PBXTargetDependency */ = {
			isa = PBXTargetDependency;
			target = 3A91E8572BCF64E600B015F0 /* PokedexDemo */;
			targetProxy = 3A91E86F2BCF64E700B015F0 /* PBXContainerItemProxy */;
		};
		3A91E87A2BCF64E700B015F0 /* PBXTargetDependency */ = {
			isa = PBXTargetDependency;
			target = 3A91E8572BCF64E600B015F0 /* PokedexDemo */;
			targetProxy = 3A91E8792BCF64E700B015F0 /* PBXContainerItemProxy */;
		};
/* End PBXTargetDependency section */

/* Begin PBXVariantGroup section */
		3A91E8612BCF64E600B015F0 /* Main.storyboard */ = {
			isa = PBXVariantGroup;
			children = (
				3A91E8622BCF64E600B015F0 /* Base */,
			);
			name = Main.storyboard;
			sourceTree = "<group>";
		};
		3A91E8662BCF64E700B015F0 /* LaunchScreen.storyboard */ = {
			isa = PBXVariantGroup;
			children = (
				3A91E8672BCF64E700B015F0 /* Base */,
			);
			name = LaunchScreen.storyboard;
			sourceTree = "<group>";
		};
/* End PBXVariantGroup section */

/* Begin XCBuildConfiguration section */
		3A91E8802BCF64E700B015F0 /* Debug */ = {
			isa = XCBuildConfiguration;
			buildSettings = {
				ALWAYS_SEARCH_USER_PATHS = NO;
				CLANG_ANALYZER_NONNULL = YES;
				CLANG_ANALYZER_NUMBER_OBJECT_CONVERSION = YES_AGGRESSIVE;
				CLANG_CXX_LANGUAGE_STANDARD = "gnu++20";
				CLANG_ENABLE_MODULES = YES;
				CLANG_ENABLE_OBJC_ARC = YES;
				CLANG_ENABLE_OBJC_WEAK = YES;
				CLANG_WARN_BLOCK_CAPTURE_AUTORELEASING = YES;
				CLANG_WARN_BOOL_CONVERSION = YES;
				CLANG_WARN_COMMA = YES;
				CLANG_WARN_CONSTANT_CONVERSION = YES;
				CLANG_WARN_DEPRECATED_OBJC_IMPLEMENTATIONS = YES;
				CLANG_WARN_DIRECT_OBJC_ISA_USAGE = YES_ERROR;
				CLANG_WARN_DOCUMENTATION_COMMENTS = YES;
				CLANG_WARN_EMPTY_BODY = YES;
				CLANG_WARN_ENUM_CONVERSION = YES;
				CLANG_WARN_INFINITE_RECURSION = YES;
				CLANG_WARN_INT_CONVERSION = YES;
				CLANG_WARN_NON_LITERAL_NULL_CONVERSION = YES;
				CLANG_WARN_OBJC_IMPLICIT_RETAIN_SELF = YES;
				CLANG_WARN_OBJC_LITERAL_CONVERSION = YES;
				CLANG_WARN_OBJC_ROOT_CLASS = YES_ERROR;
				CLANG_WARN_QUOTED_INCLUDE_IN_FRAMEWORK_HEADER = YES;
				CLANG_WARN_RANGE_LOOP_ANALYSIS = YES;
				CLANG_WARN_STRICT_PROTOTYPES = YES;
				CLANG_WARN_SUSPICIOUS_MOVE = YES;
				CLANG_WARN_UNGUARDED_AVAILABILITY = YES_AGGRESSIVE;
				CLANG_WARN_UNREACHABLE_CODE = YES;
				CLANG_WARN__DUPLICATE_METHOD_MATCH = YES;
				COPY_PHASE_STRIP = NO;
				DEBUG_INFORMATION_FORMAT = dwarf;
				ENABLE_STRICT_OBJC_MSGSEND = YES;
				ENABLE_TESTABILITY = YES;
				GCC_C_LANGUAGE_STANDARD = gnu11;
				GCC_DYNAMIC_NO_PIC = NO;
				GCC_NO_COMMON_BLOCKS = YES;
				GCC_OPTIMIZATION_LEVEL = 0;
				GCC_PREPROCESSOR_DEFINITIONS = (
					"DEBUG=1",
					"$(inherited)",
				);
				GCC_WARN_64_TO_32_BIT_CONVERSION = YES;
				GCC_WARN_ABOUT_RETURN_TYPE = YES_ERROR;
				GCC_WARN_UNDECLARED_SELECTOR = YES;
				GCC_WARN_UNINITIALIZED_AUTOS = YES_AGGRESSIVE;
				GCC_WARN_UNUSED_FUNCTION = YES;
				GCC_WARN_UNUSED_VARIABLE = YES;
				IPHONEOS_DEPLOYMENT_TARGET = 16.4;
				MTL_ENABLE_DEBUG_INFO = INCLUDE_SOURCE;
				MTL_FAST_MATH = YES;
				ONLY_ACTIVE_ARCH = YES;
				SDKROOT = iphoneos;
				SWIFT_ACTIVE_COMPILATION_CONDITIONS = DEBUG;
				SWIFT_OPTIMIZATION_LEVEL = "-Onone";
			};
			name = Debug;
		};
		3A91E8812BCF64E700B015F0 /* Release */ = {
			isa = XCBuildConfiguration;
			buildSettings = {
				ALWAYS_SEARCH_USER_PATHS = NO;
				CLANG_ANALYZER_NONNULL = YES;
				CLANG_ANALYZER_NUMBER_OBJECT_CONVERSION = YES_AGGRESSIVE;
				CLANG_CXX_LANGUAGE_STANDARD = "gnu++20";
				CLANG_ENABLE_MODULES = YES;
				CLANG_ENABLE_OBJC_ARC = YES;
				CLANG_ENABLE_OBJC_WEAK = YES;
				CLANG_WARN_BLOCK_CAPTURE_AUTORELEASING = YES;
				CLANG_WARN_BOOL_CONVERSION = YES;
				CLANG_WARN_COMMA = YES;
				CLANG_WARN_CONSTANT_CONVERSION = YES;
				CLANG_WARN_DEPRECATED_OBJC_IMPLEMENTATIONS = YES;
				CLANG_WARN_DIRECT_OBJC_ISA_USAGE = YES_ERROR;
				CLANG_WARN_DOCUMENTATION_COMMENTS = YES;
				CLANG_WARN_EMPTY_BODY = YES;
				CLANG_WARN_ENUM_CONVERSION = YES;
				CLANG_WARN_INFINITE_RECURSION = YES;
				CLANG_WARN_INT_CONVERSION = YES;
				CLANG_WARN_NON_LITERAL_NULL_CONVERSION = YES;
				CLANG_WARN_OBJC_IMPLICIT_RETAIN_SELF = YES;
				CLANG_WARN_OBJC_LITERAL_CONVERSION = YES;
				CLANG_WARN_OBJC_ROOT_CLASS = YES_ERROR;
				CLANG_WARN_QUOTED_INCLUDE_IN_FRAMEWORK_HEADER = YES;
				CLANG_WARN_RANGE_LOOP_ANALYSIS = YES;
				CLANG_WARN_STRICT_PROTOTYPES = YES;
				CLANG_WARN_SUSPICIOUS_MOVE = YES;
				CLANG_WARN_UNGUARDED_AVAILABILITY = YES_AGGRESSIVE;
				CLANG_WARN_UNREACHABLE_CODE = YES;
				CLANG_WARN__DUPLICATE_METHOD_MATCH = YES;
				COPY_PHASE_STRIP = NO;
				DEBUG_INFORMATION_FORMAT = "dwarf-with-dsym";
				ENABLE_NS_ASSERTIONS = NO;
				ENABLE_STRICT_OBJC_MSGSEND = YES;
				GCC_C_LANGUAGE_STANDARD = gnu11;
				GCC_NO_COMMON_BLOCKS = YES;
				GCC_WARN_64_TO_32_BIT_CONVERSION = YES;
				GCC_WARN_ABOUT_RETURN_TYPE = YES_ERROR;
				GCC_WARN_UNDECLARED_SELECTOR = YES;
				GCC_WARN_UNINITIALIZED_AUTOS = YES_AGGRESSIVE;
				GCC_WARN_UNUSED_FUNCTION = YES;
				GCC_WARN_UNUSED_VARIABLE = YES;
				IPHONEOS_DEPLOYMENT_TARGET = 16.4;
				MTL_ENABLE_DEBUG_INFO = NO;
				MTL_FAST_MATH = YES;
				SDKROOT = iphoneos;
				SWIFT_COMPILATION_MODE = wholemodule;
				SWIFT_OPTIMIZATION_LEVEL = "-O";
				VALIDATE_PRODUCT = YES;
			};
			name = Release;
		};
		3A91E8832BCF64E700B015F0 /* Debug */ = {
			isa = XCBuildConfiguration;
			buildSettings = {
				ASSETCATALOG_COMPILER_APPICON_NAME = AppIcon;
				ASSETCATALOG_COMPILER_GLOBAL_ACCENT_COLOR_NAME = AccentColor;
				CODE_SIGN_STYLE = Automatic;
				CURRENT_PROJECT_VERSION = 1;
				DEVELOPMENT_TEAM = Q6384N92WN;
				GENERATE_INFOPLIST_FILE = YES;
				INFOPLIST_FILE = PokedexDemo/Info.plist;
				INFOPLIST_KEY_UIApplicationSupportsIndirectInputEvents = YES;
				INFOPLIST_KEY_UILaunchStoryboardName = LaunchScreen;
				INFOPLIST_KEY_UIMainStoryboardFile = Main;
				INFOPLIST_KEY_UISupportedInterfaceOrientations_iPad = "UIInterfaceOrientationPortrait UIInterfaceOrientationPortraitUpsideDown UIInterfaceOrientationLandscapeLeft UIInterfaceOrientationLandscapeRight";
				INFOPLIST_KEY_UISupportedInterfaceOrientations_iPhone = "UIInterfaceOrientationPortrait UIInterfaceOrientationLandscapeLeft UIInterfaceOrientationLandscapeRight";
				LD_RUNPATH_SEARCH_PATHS = (
					"$(inherited)",
					"@executable_path/Frameworks",
				);
				MARKETING_VERSION = 1.0;
				PRODUCT_BUNDLE_IDENTIFIER = chaoming.studio.PokedexDemo;
				PRODUCT_NAME = "$(TARGET_NAME)";
				SWIFT_EMIT_LOC_STRINGS = YES;
				SWIFT_VERSION = 5.0;
				TARGETED_DEVICE_FAMILY = "1,2";
			};
			name = Debug;
		};
		3A91E8842BCF64E700B015F0 /* Release */ = {
			isa = XCBuildConfiguration;
			buildSettings = {
				ASSETCATALOG_COMPILER_APPICON_NAME = AppIcon;
				ASSETCATALOG_COMPILER_GLOBAL_ACCENT_COLOR_NAME = AccentColor;
				CODE_SIGN_STYLE = Automatic;
				CURRENT_PROJECT_VERSION = 1;
				DEVELOPMENT_TEAM = Q6384N92WN;
				GENERATE_INFOPLIST_FILE = YES;
				INFOPLIST_FILE = PokedexDemo/Info.plist;
				INFOPLIST_KEY_UIApplicationSupportsIndirectInputEvents = YES;
				INFOPLIST_KEY_UILaunchStoryboardName = LaunchScreen;
				INFOPLIST_KEY_UIMainStoryboardFile = Main;
				INFOPLIST_KEY_UISupportedInterfaceOrientations_iPad = "UIInterfaceOrientationPortrait UIInterfaceOrientationPortraitUpsideDown UIInterfaceOrientationLandscapeLeft UIInterfaceOrientationLandscapeRight";
				INFOPLIST_KEY_UISupportedInterfaceOrientations_iPhone = "UIInterfaceOrientationPortrait UIInterfaceOrientationLandscapeLeft UIInterfaceOrientationLandscapeRight";
				LD_RUNPATH_SEARCH_PATHS = (
					"$(inherited)",
					"@executable_path/Frameworks",
				);
				MARKETING_VERSION = 1.0;
				PRODUCT_BUNDLE_IDENTIFIER = chaoming.studio.PokedexDemo;
				PRODUCT_NAME = "$(TARGET_NAME)";
				SWIFT_EMIT_LOC_STRINGS = YES;
				SWIFT_VERSION = 5.0;
				TARGETED_DEVICE_FAMILY = "1,2";
			};
			name = Release;
		};
		3A91E8862BCF64E700B015F0 /* Debug */ = {
			isa = XCBuildConfiguration;
			buildSettings = {
				ALWAYS_EMBED_SWIFT_STANDARD_LIBRARIES = YES;
				BUNDLE_LOADER = "$(TEST_HOST)";
				CODE_SIGN_STYLE = Automatic;
				CURRENT_PROJECT_VERSION = 1;
				DEVELOPMENT_TEAM = Q6384N92WN;
				GENERATE_INFOPLIST_FILE = YES;
				IPHONEOS_DEPLOYMENT_TARGET = 16.4;
				MARKETING_VERSION = 1.0;
				PRODUCT_BUNDLE_IDENTIFIER = chaoming.studio.PokedexDemoTests;
				PRODUCT_NAME = "$(TARGET_NAME)";
				SWIFT_EMIT_LOC_STRINGS = NO;
				SWIFT_VERSION = 5.0;
				TARGETED_DEVICE_FAMILY = "1,2";
				TEST_HOST = "$(BUILT_PRODUCTS_DIR)/PokedexDemo.app/$(BUNDLE_EXECUTABLE_FOLDER_PATH)/PokedexDemo";
			};
			name = Debug;
		};
		3A91E8872BCF64E700B015F0 /* Release */ = {
			isa = XCBuildConfiguration;
			buildSettings = {
				ALWAYS_EMBED_SWIFT_STANDARD_LIBRARIES = YES;
				BUNDLE_LOADER = "$(TEST_HOST)";
				CODE_SIGN_STYLE = Automatic;
				CURRENT_PROJECT_VERSION = 1;
				DEVELOPMENT_TEAM = Q6384N92WN;
				GENERATE_INFOPLIST_FILE = YES;
				IPHONEOS_DEPLOYMENT_TARGET = 16.4;
				MARKETING_VERSION = 1.0;
				PRODUCT_BUNDLE_IDENTIFIER = chaoming.studio.PokedexDemoTests;
				PRODUCT_NAME = "$(TARGET_NAME)";
				SWIFT_EMIT_LOC_STRINGS = NO;
				SWIFT_VERSION = 5.0;
				TARGETED_DEVICE_FAMILY = "1,2";
				TEST_HOST = "$(BUILT_PRODUCTS_DIR)/PokedexDemo.app/$(BUNDLE_EXECUTABLE_FOLDER_PATH)/PokedexDemo";
			};
			name = Release;
		};
		3A91E8892BCF64E700B015F0 /* Debug */ = {
			isa = XCBuildConfiguration;
			buildSettings = {
				ALWAYS_EMBED_SWIFT_STANDARD_LIBRARIES = YES;
				CODE_SIGN_STYLE = Automatic;
				CURRENT_PROJECT_VERSION = 1;
				DEVELOPMENT_TEAM = Q6384N92WN;
				GENERATE_INFOPLIST_FILE = YES;
				MARKETING_VERSION = 1.0;
				PRODUCT_BUNDLE_IDENTIFIER = chaoming.studio.PokedexDemoUITests;
				PRODUCT_NAME = "$(TARGET_NAME)";
				SWIFT_EMIT_LOC_STRINGS = NO;
				SWIFT_VERSION = 5.0;
				TARGETED_DEVICE_FAMILY = "1,2";
				TEST_TARGET_NAME = PokedexDemo;
			};
			name = Debug;
		};
		3A91E88A2BCF64E700B015F0 /* Release */ = {
			isa = XCBuildConfiguration;
			buildSettings = {
				ALWAYS_EMBED_SWIFT_STANDARD_LIBRARIES = YES;
				CODE_SIGN_STYLE = Automatic;
				CURRENT_PROJECT_VERSION = 1;
				DEVELOPMENT_TEAM = Q6384N92WN;
				GENERATE_INFOPLIST_FILE = YES;
				MARKETING_VERSION = 1.0;
				PRODUCT_BUNDLE_IDENTIFIER = chaoming.studio.PokedexDemoUITests;
				PRODUCT_NAME = "$(TARGET_NAME)";
				SWIFT_EMIT_LOC_STRINGS = NO;
				SWIFT_VERSION = 5.0;
				TARGETED_DEVICE_FAMILY = "1,2";
				TEST_TARGET_NAME = PokedexDemo;
			};
			name = Release;
		};
/* End XCBuildConfiguration section */

/* Begin XCConfigurationList section */
		3A91E8532BCF64E600B015F0 /* Build configuration list for PBXProject "PokedexDemo" */ = {
			isa = XCConfigurationList;
			buildConfigurations = (
				3A91E8802BCF64E700B015F0 /* Debug */,
				3A91E8812BCF64E700B015F0 /* Release */,
			);
			defaultConfigurationIsVisible = 0;
			defaultConfigurationName = Release;
		};
		3A91E8822BCF64E700B015F0 /* Build configuration list for PBXNativeTarget "PokedexDemo" */ = {
			isa = XCConfigurationList;
			buildConfigurations = (
				3A91E8832BCF64E700B015F0 /* Debug */,
				3A91E8842BCF64E700B015F0 /* Release */,
			);
			defaultConfigurationIsVisible = 0;
			defaultConfigurationName = Release;
		};
		3A91E8852BCF64E700B015F0 /* Build configuration list for PBXNativeTarget "PokedexDemoTests" */ = {
			isa = XCConfigurationList;
			buildConfigurations = (
				3A91E8862BCF64E700B015F0 /* Debug */,
				3A91E8872BCF64E700B015F0 /* Release */,
			);
			defaultConfigurationIsVisible = 0;
			defaultConfigurationName = Release;
		};
		3A91E8882BCF64E700B015F0 /* Build configuration list for PBXNativeTarget "PokedexDemoUITests" */ = {
			isa = XCConfigurationList;
			buildConfigurations = (
				3A91E8892BCF64E700B015F0 /* Debug */,
				3A91E88A2BCF64E700B015F0 /* Release */,
			);
			defaultConfigurationIsVisible = 0;
			defaultConfigurationName = Release;
		};
/* End XCConfigurationList section */

/* Begin XCRemoteSwiftPackageReference section */
		3A91E8922BCF721800B015F0 /* XCRemoteSwiftPackageReference "SnapKit" */ = {
			isa = XCRemoteSwiftPackageReference;
			repositoryURL = "https://github.com/SnapKit/SnapKit.git";
			requirement = {
				kind = upToNextMajorVersion;
				minimumVersion = 5.0.0;
			};
		};
/* End XCRemoteSwiftPackageReference section */

/* Begin XCSwiftPackageProductDependency section */
		3A91E8932BCF721800B015F0 /* SnapKit */ = {
			isa = XCSwiftPackageProductDependency;
			package = 3A91E8922BCF721800B015F0 /* XCRemoteSwiftPackageReference "SnapKit" */;
			productName = SnapKit;
		};
/* End XCSwiftPackageProductDependency section */
	};
	rootObject = 3A91E8502BCF64E600B015F0 /* Project object */;
}
